
Microsoft Visual Studio Solution File, Format Version 12.00
# Visual Studio Version 16
VisualStudioVersion = 16.0.30611.23
MinimumVisualStudioVersion = 10.0.40219.1
Project("{9A19103F-16F7-4668-BE54-9A1E7A4F7556}") = "Presentation", "Presentation\Presentation.csproj", "{B2098BB6-7374-41B8-BEA7-D7F3422E6F80}"
EndProject
Project("{2150E333-8FDC-42A3-9474-1A3956D46DE8}") = "Application", "Application", "{289BB733-F80B-4963-AC08-483A2E375F37}"
EndProject
Project("{2150E333-8FDC-42A3-9474-1A3956D46DE8}") = "Domain", "Domain", "{25447DDA-67A1-4A1B-8FA8-C0FDDC243A0D}"
EndProject
Project("{2150E333-8FDC-42A3-9474-1A3956D46DE8}") = "IOC", "IOC", "{9D317BEC-CC5B-4519-B276-41196AA069B3}"
EndProject
Project("{2150E333-8FDC-42A3-9474-1A3956D46DE8}") = "Data", "Data", "{972886C5-7DB8-4238-8D1F-6669A4BB7CD1}"
EndProject
Project("{2150E333-8FDC-42A3-9474-1A3956D46DE8}") = "PresentationLayer", "PresentationLayer", "{D4872FF9-73E4-4550-B926-214D1C756B21}"
EndProject
Project("{9A19103F-16F7-4668-BE54-9A1E7A4F7556}") = "ShoppingCart.Data", "ShoppingCart.Data\ShoppingCart.Data.csproj", "{47270CF4-4114-4CA6-B991-EBFB66F4DA23}"
EndProject
Project("{9A19103F-16F7-4668-BE54-9A1E7A4F7556}") = "ShoppingCart.Domain", "ShoppingCart.Domain\ShoppingCart.Domain.csproj", "{9F2D37E6-0C6A-410B-B921-D3063B032655}"
EndProject
Project("{9A19103F-16F7-4668-BE54-9A1E7A4F7556}") = "ShoppingCart.Application", "ShoppingCart.Application\ShoppingCart.Application.csproj", "{9BF5F3CF-ED97-493E-A74B-D1183ACA21A4}"
EndProject
Project("{9A19103F-16F7-4668-BE54-9A1E7A4F7556}") = "ShoppingCart.IOC", "ShoppingCart.IOC\ShoppingCart.IOC.csproj", "{E8250A16-59FF-4183-BBAD-7FA04903D412}"
EndProject
Global
	GlobalSection(SolutionConfigurationPlatforms) = preSolution
		Debug|Any CPU = Debug|Any CPU
		Release|Any CPU = Release|Any CPU
	EndGlobalSection
	GlobalSection(ProjectConfigurationPlatforms) = postSolution
		{B2098BB6-7374-41B8-BEA7-D7F3422E6F80}.Debug|Any CPU.ActiveCfg = Debug|Any CPU
		{B2098BB6-7374-41B8-BEA7-D7F3422E6F80}.Debug|Any CPU.Build.0 = Debug|Any CPU
		{B2098BB6-7374-41B8-BEA7-D7F3422E6F80}.Release|Any CPU.ActiveCfg = Release|Any CPU
		{B2098BB6-7374-41B8-BEA7-D7F3422E6F80}.Release|Any CPU.Build.0 = Release|Any CPU
		{47270CF4-4114-4CA6-B991-EBFB66F4DA23}.Debug|Any CPU.ActiveCfg = Debug|Any CPU
		{47270CF4-4114-4CA6-B991-EBFB66F4DA23}.Debug|Any CPU.Build.0 = Debug|Any CPU
		{47270CF4-4114-4CA6-B991-EBFB66F4DA23}.Release|Any CPU.ActiveCfg = Release|Any CPU
		{47270CF4-4114-4CA6-B991-EBFB66F4DA23}.Release|Any CPU.Build.0 = Release|Any CPU
		{9F2D37E6-0C6A-410B-B921-D3063B032655}.Debug|Any CPU.ActiveCfg = Debug|Any CPU
		{9F2D37E6-0C6A-410B-B921-D3063B032655}.Debug|Any CPU.Build.0 = Debug|Any CPU
		{9F2D37E6-0C6A-410B-B921-D3063B032655}.Release|Any CPU.ActiveCfg = Release|Any CPU
		{9F2D37E6-0C6A-410B-B921-D3063B032655}.Release|Any CPU.Build.0 = Release|Any CPU
		{9BF5F3CF-ED97-493E-A74B-D1183ACA21A4}.Debug|Any CPU.ActiveCfg = Debug|Any CPU
		{9BF5F3CF-ED97-493E-A74B-D1183ACA21A4}.Debug|Any CPU.Build.0 = Debug|Any CPU
		{9BF5F3CF-ED97-493E-A74B-D1183ACA21A4}.Release|Any CPU.ActiveCfg = Release|Any CPU
		{9BF5F3CF-ED97-493E-A74B-D1183ACA21A4}.Release|Any CPU.Build.0 = Release|Any CPU
		{E8250A16-59FF-4183-BBAD-7FA04903D412}.Debug|Any CPU.ActiveCfg = Debug|Any CPU
		{E8250A16-59FF-4183-BBAD-7FA04903D412}.Debug|Any CPU.Build.0 = Debug|Any CPU
		{E8250A16-59FF-4183-BBAD-7FA04903D412}.Release|Any CPU.ActiveCfg = Release|Any CPU
		{E8250A16-59FF-4183-BBAD-7FA04903D412}.Release|Any CPU.Build.0 = Release|Any CPU
	EndGlobalSection
	GlobalSection(SolutionProperties) = preSolution
		HideSolutionNode = FALSE
	EndGlobalSection
	GlobalSection(NestedProjects) = preSolution
		{B2098BB6-7374-41B8-BEA7-D7F3422E6F80} = {D4872FF9-73E4-4550-B926-214D1C756B21}
		{47270CF4-4114-4CA6-B991-EBFB66F4DA23} = {972886C5-7DB8-4238-8D1F-6669A4BB7CD1}
		{9F2D37E6-0C6A-410B-B921-D3063B032655} = {25447DDA-67A1-4A1B-8FA8-C0FDDC243A0D}
		{9BF5F3CF-ED97-493E-A74B-D1183ACA21A4} = {289BB733-F80B-4963-AC08-483A2E375F37}
		{E8250A16-59FF-4183-BBAD-7FA04903D412} = {9D317BEC-CC5B-4519-B276-41196AA069B3}
	EndGlobalSection
	GlobalSection(ExtensibilityGlobals) = postSolution
		SolutionGuid = {D527D2D7-97B2-4999-9F35-83C1B2A60968}
	EndGlobalSection
EndGlobal
